
Microsoft Visual Studio Solution File, Format Version 12.00
# Visual Studio Version 17
VisualStudioVersion = 17.9.34607.119
MinimumVisualStudioVersion = 10.0.40219.1
Project("{9A19103F-16F7-4668-BE54-9A1E7A4F7556}") = "Person", "01. Person\Person.csproj", "{8907FC39-0E8B-4FEE-8387-677EF209F2AF}"
EndProject
Project("{9A19103F-16F7-4668-BE54-9A1E7A4F7556}") = "Zoo", "02. Zoo\Zoo.csproj", "{79DE3FCC-860A-4F5D-A658-040E57ADA850}"
EndProject
Project("{9A19103F-16F7-4668-BE54-9A1E7A4F7556}") = "PlayersAndMonsters", "03. Players and Monsters\PlayersAndMonsters.csproj", "{FEAD6AB2-409D-4D91-A7D6-945112DFEC51}"
EndProject
Project("{9A19103F-16F7-4668-BE54-9A1E7A4F7556}") = "NeedForSpeed", "04. Need for Speed\NeedForSpeed.csproj", "{07073C9E-72F5-4369-9AD9-D1C856291C04}"
EndProject
Project("{FAE04EC0-301F-11D3-BF4B-00C04F79EFBC}") = "Restaurant", "05. Restaurant\Restaurant.csproj", "{00280948-CF29-423B-90FB-822DC3FED4FF}"
EndProject
Global
	GlobalSection(SolutionConfigurationPlatforms) = preSolution
		Debug|Any CPU = Debug|Any CPU
		Release|Any CPU = Release|Any CPU
	EndGlobalSection
	GlobalSection(ProjectConfigurationPlatforms) = postSolution
		{8907FC39-0E8B-4FEE-8387-677EF209F2AF}.Debug|Any CPU.ActiveCfg = Debug|Any CPU
		{8907FC39-0E8B-4FEE-8387-677EF209F2AF}.Debug|Any CPU.Build.0 = Debug|Any CPU
		{8907FC39-0E8B-4FEE-8387-677EF209F2AF}.Release|Any CPU.ActiveCfg = Release|Any CPU
		{8907FC39-0E8B-4FEE-8387-677EF209F2AF}.Release|Any CPU.Build.0 = Release|Any CPU
		{79DE3FCC-860A-4F5D-A658-040E57ADA850}.Debug|Any CPU.ActiveCfg = Debug|Any CPU
		{79DE3FCC-860A-4F5D-A658-040E57ADA850}.Debug|Any CPU.Build.0 = Debug|Any CPU
		{79DE3FCC-860A-4F5D-A658-040E57ADA850}.Release|Any CPU.ActiveCfg = Release|Any CPU
		{79DE3FCC-860A-4F5D-A658-040E57ADA850}.Release|Any CPU.Build.0 = Release|Any CPU
		{FEAD6AB2-409D-4D91-A7D6-945112DFEC51}.Debug|Any CPU.ActiveCfg = Debug|Any CPU
		{FEAD6AB2-409D-4D91-A7D6-945112DFEC51}.Debug|Any CPU.Build.0 = Debug|Any CPU
		{FEAD6AB2-409D-4D91-A7D6-945112DFEC51}.Release|Any CPU.ActiveCfg = Release|Any CPU
		{FEAD6AB2-409D-4D91-A7D6-945112DFEC51}.Release|Any CPU.Build.0 = Release|Any CPU
		{07073C9E-72F5-4369-9AD9-D1C856291C04}.Debug|Any CPU.ActiveCfg = Debug|Any CPU
		{07073C9E-72F5-4369-9AD9-D1C856291C04}.Debug|Any CPU.Build.0 = Debug|Any CPU
		{07073C9E-72F5-4369-9AD9-D1C856291C04}.Release|Any CPU.ActiveCfg = Release|Any CPU
		{07073C9E-72F5-4369-9AD9-D1C856291C04}.Release|Any CPU.Build.0 = Release|Any CPU
		{00280948-CF29-423B-90FB-822DC3FED4FF}.Debug|Any CPU.ActiveCfg = Debug|Any CPU
		{00280948-CF29-423B-90FB-822DC3FED4FF}.Debug|Any CPU.Build.0 = Debug|Any CPU
		{00280948-CF29-423B-90FB-822DC3FED4FF}.Release|Any CPU.ActiveCfg = Release|Any CPU
		{00280948-CF29-423B-90FB-822DC3FED4FF}.Release|Any CPU.Build.0 = Release|Any CPU
	EndGlobalSection
	GlobalSection(SolutionProperties) = preSolution
		HideSolutionNode = FALSE
	EndGlobalSection
	GlobalSection(ExtensibilityGlobals) = postSolution
		SolutionGuid = {6B9E502E-A439-4DB6-9F01-1C2853156EDE}
	EndGlobalSection
EndGlobal
